
Microsoft Visual Studio Solution File, Format Version 12.00
# Visual Studio Version 17
VisualStudioVersion = 17.9.34607.119
MinimumVisualStudioVersion = 10.0.40219.1
Project("{FAE04EC0-301F-11D3-BF4B-00C04F79EFBC}") = "KalkulatorWindows", "KalkulatorWindows\KalkulatorWindows.csproj", "{A21B9FBC-860E-44BA-AF1A-693ABF942F32}"
EndProject
Global
	GlobalSection(SolutionConfigurationPlatforms) = preSolution
		Debug|Any CPU = Debug|Any CPU
		Release|Any CPU = Release|Any CPU
	EndGlobalSection
	GlobalSection(ProjectConfigurationPlatforms) = postSolution
		{A21B9FBC-860E-44BA-AF1A-693ABF942F32}.Debug|Any CPU.ActiveCfg = Debug|Any CPU
		{A21B9FBC-860E-44BA-AF1A-693ABF942F32}.Debug|Any CPU.Build.0 = Debug|Any CPU
		{A21B9FBC-860E-44BA-AF1A-693ABF942F32}.Release|Any CPU.ActiveCfg = Release|Any CPU
		{A21B9FBC-860E-44BA-AF1A-693ABF942F32}.Release|Any CPU.Build.0 = Release|Any CPU
	EndGlobalSection
	GlobalSection(SolutionProperties) = preSolution
		HideSolutionNode = FALSE
	EndGlobalSection
	GlobalSection(ExtensibilityGlobals) = postSolution
		SolutionGuid = {D904C266-E55B-4A53-9943-6E1C077DAB03}
	EndGlobalSection
EndGlobal
